// !$*UTF8*$!
{
	archiveVersion = 1;
	classes = {
	};
	objectVersion = 56;
	objects = {

/* Begin PBXBuildFile section */
		2741A3F628ED804F00D4E14B /* HomeView.swift in Sources */ = {isa = PBXBuildFile; fileRef = 2741A3F528ED804F00D4E14B /* HomeView.swift */; };
		2741A3FC28ED8E3200D4E14B /* CodeScanner in Frameworks */ = {isa = PBXBuildFile; productRef = 2741A3FB28ED8E3200D4E14B /* CodeScanner */; };
		F814595B28DDA63D00390B65 /* smart_library_appApp.swift in Sources */ = {isa = PBXBuildFile; fileRef = F814595A28DDA63D00390B65 /* smart_library_appApp.swift */; };
		F814595D28DDA63D00390B65 /* ContentView.swift in Sources */ = {isa = PBXBuildFile; fileRef = F814595C28DDA63D00390B65 /* ContentView.swift */; };
		F814595F28DDA64200390B65 /* Assets.xcassets in Resources */ = {isa = PBXBuildFile; fileRef = F814595E28DDA64200390B65 /* Assets.xcassets */; };
		F814596328DDA64200390B65 /* Preview Assets.xcassets in Resources */ = {isa = PBXBuildFile; fileRef = F814596228DDA64200390B65 /* Preview Assets.xcassets */; };
		F8357C7328E6F234005E4C5E /* SearchView.swift in Sources */ = {isa = PBXBuildFile; fileRef = F8357C7228E6F234005E4C5E /* SearchView.swift */; };
		F8722D9628E942A30037C751 /* VolumeData.swift in Sources */ = {isa = PBXBuildFile; fileRef = F8722D9428E942A30037C751 /* VolumeData.swift */; };
		F8722D9728E942A30037C751 /* BookData.swift in Sources */ = {isa = PBXBuildFile; fileRef = F8722D9528E942A30037C751 /* BookData.swift */; };
		F8722D9928E945F10037C751 /* BookDatabase.swift in Sources */ = {isa = PBXBuildFile; fileRef = F8722D9828E945F10037C751 /* BookDatabase.swift */; };
		F895D6C028E95DB60042A38C /* BookListItem.swift in Sources */ = {isa = PBXBuildFile; fileRef = F895D6BF28E95DB60042A38C /* BookListItem.swift */; };
		F8EF368828EC0182009DADC4 /* SecondaryButtonStyle.swift in Sources */ = {isa = PBXBuildFile; fileRef = F8EF368728EC0182009DADC4 /* SecondaryButtonStyle.swift */; };
		F8EF368A28EC2131009DADC4 /* UserDatabase.swift in Sources */ = {isa = PBXBuildFile; fileRef = F8EF368928EC2131009DADC4 /* UserDatabase.swift */; };
/* End PBXBuildFile section */

/* Begin PBXFileReference section */
		2741A3F528ED804F00D4E14B /* HomeView.swift */ = {isa = PBXFileReference; lastKnownFileType = sourcecode.swift; path = HomeView.swift; sourceTree = "<group>"; };
		F814595728DDA63C00390B65 /* smart-library-app.app */ = {isa = PBXFileReference; explicitFileType = wrapper.application; includeInIndex = 0; path = "smart-library-app.app"; sourceTree = BUILT_PRODUCTS_DIR; };
		F814595A28DDA63D00390B65 /* smart_library_appApp.swift */ = {isa = PBXFileReference; lastKnownFileType = sourcecode.swift; path = smart_library_appApp.swift; sourceTree = "<group>"; };
		F814595C28DDA63D00390B65 /* ContentView.swift */ = {isa = PBXFileReference; lastKnownFileType = sourcecode.swift; path = ContentView.swift; sourceTree = "<group>"; };
		F814595E28DDA64200390B65 /* Assets.xcassets */ = {isa = PBXFileReference; lastKnownFileType = folder.assetcatalog; path = Assets.xcassets; sourceTree = "<group>"; };
		F814596028DDA64200390B65 /* smart_library_app.entitlements */ = {isa = PBXFileReference; lastKnownFileType = text.plist.entitlements; path = smart_library_app.entitlements; sourceTree = "<group>"; };
		F814596228DDA64200390B65 /* Preview Assets.xcassets */ = {isa = PBXFileReference; lastKnownFileType = folder.assetcatalog; path = "Preview Assets.xcassets"; sourceTree = "<group>"; };
		F8357C7228E6F234005E4C5E /* SearchView.swift */ = {isa = PBXFileReference; lastKnownFileType = sourcecode.swift; path = SearchView.swift; sourceTree = "<group>"; };
		F8722D9428E942A30037C751 /* VolumeData.swift */ = {isa = PBXFileReference; fileEncoding = 4; lastKnownFileType = sourcecode.swift; path = VolumeData.swift; sourceTree = "<group>"; };
		F8722D9528E942A30037C751 /* BookData.swift */ = {isa = PBXFileReference; fileEncoding = 4; lastKnownFileType = sourcecode.swift; path = BookData.swift; sourceTree = "<group>"; };
		F8722D9828E945F10037C751 /* BookDatabase.swift */ = {isa = PBXFileReference; lastKnownFileType = sourcecode.swift; path = BookDatabase.swift; sourceTree = "<group>"; };
		F895D6BF28E95DB60042A38C /* BookListItem.swift */ = {isa = PBXFileReference; lastKnownFileType = sourcecode.swift; path = BookListItem.swift; sourceTree = "<group>"; };
		F8EF368728EC0182009DADC4 /* SecondaryButtonStyle.swift */ = {isa = PBXFileReference; lastKnownFileType = sourcecode.swift; path = SecondaryButtonStyle.swift; sourceTree = "<group>"; };
		F8EF368928EC2131009DADC4 /* UserDatabase.swift */ = {isa = PBXFileReference; lastKnownFileType = sourcecode.swift; path = UserDatabase.swift; sourceTree = "<group>"; };
/* End PBXFileReference section */

/* Begin PBXFrameworksBuildPhase section */
		F814595428DDA63C00390B65 /* Frameworks */ = {
			isa = PBXFrameworksBuildPhase;
			buildActionMask = 2147483647;
			files = (
				2741A3FC28ED8E3200D4E14B /* CodeScanner in Frameworks */,
			);
			runOnlyForDeploymentPostprocessing = 0;
		};
/* End PBXFrameworksBuildPhase section */

/* Begin PBXGroup section */
		2741A3F428ED803A00D4E14B /* Home */ = {
			isa = PBXGroup;
			children = (
				2741A3F528ED804F00D4E14B /* HomeView.swift */,
			);
			path = Home;
			sourceTree = "<group>";
		};
		F814594E28DDA63C00390B65 = {
			isa = PBXGroup;
			children = (
				F814595928DDA63D00390B65 /* smart-library-app */,
				F814595828DDA63C00390B65 /* Products */,
			);
			sourceTree = "<group>";
		};
		F814595828DDA63C00390B65 /* Products */ = {
			isa = PBXGroup;
			children = (
				F814595728DDA63C00390B65 /* smart-library-app.app */,
			);
			name = Products;
			sourceTree = "<group>";
		};
		F814595928DDA63D00390B65 /* smart-library-app */ = {
			isa = PBXGroup;
			children = (
				F8B1EF9228EE7A3B000F9071 /* Types */,
				F8EF368B28EC213D009DADC4 /* Databases */,
				F8EF368628EC0175009DADC4 /* Styles */,
                2741A3F428ED803A00D4E14B /* Home */,
				F895D6BE28E95D950042A38C /* Search */,
				F814595A28DDA63D00390B65 /* smart_library_appApp.swift */,
				F814595C28DDA63D00390B65 /* ContentView.swift */,
				F814595E28DDA64200390B65 /* Assets.xcassets */,
				F814596028DDA64200390B65 /* smart_library_app.entitlements */,
				F814596128DDA64200390B65 /* Preview Content */,
			);
			path = "smart-library-app";
			sourceTree = "<group>";
		};
		F814596128DDA64200390B65 /* Preview Content */ = {
			isa = PBXGroup;
			children = (
				F814596228DDA64200390B65 /* Preview Assets.xcassets */,
			);
			path = "Preview Content";
			sourceTree = "<group>";
		};
		F8722D9328E942A30037C751 /* Decodables */ = {
			isa = PBXGroup;
			children = (
				F8722D9428E942A30037C751 /* VolumeData.swift */,
				F8722D9528E942A30037C751 /* BookData.swift */,
			);
			path = Decodables;
			sourceTree = "<group>";
		};
		F895D6BE28E95D950042A38C /* Search */ = {
			isa = PBXGroup;
			children = (
				F8357C7228E6F234005E4C5E /* SearchView.swift */,
				F895D6BF28E95DB60042A38C /* BookListItem.swift */,
			);
			path = Search;
			sourceTree = "<group>";
		};
		F8B1EF9228EE7A3B000F9071 /* Types */ = {
			isa = PBXGroup;
			children = (
				F8722D9328E942A30037C751 /* Decodables */,
			);
			path = Types;
			sourceTree = "<group>";
		};
		F8EF368628EC0175009DADC4 /* Styles */ = {
			isa = PBXGroup;
			children = (
				F8EF368728EC0182009DADC4 /* SecondaryButtonStyle.swift */,
			);
			path = Styles;
			sourceTree = "<group>";
		};
		F8EF368B28EC213D009DADC4 /* Databases */ = {
			isa = PBXGroup;
			children = (
				F8EF368928EC2131009DADC4 /* UserDatabase.swift */,
				F8722D9828E945F10037C751 /* BookDatabase.swift */,
			);
			path = Databases;
			sourceTree = "<group>";
		};
/* End PBXGroup section */

/* Begin PBXNativeTarget section */
		F814595628DDA63C00390B65 /* smart-library-app */ = {
			isa = PBXNativeTarget;
			buildConfigurationList = F814596628DDA64200390B65 /* Build configuration list for PBXNativeTarget "smart-library-app" */;
			buildPhases = (
				F814595328DDA63C00390B65 /* Sources */,
				F814595428DDA63C00390B65 /* Frameworks */,
				F814595528DDA63C00390B65 /* Resources */,
			);
			buildRules = (
			);
			dependencies = (
			);
			name = "smart-library-app";
			packageProductDependencies = (
				2741A3FB28ED8E3200D4E14B /* CodeScanner */,
			);
			productName = "smart-library-app";
			productReference = F814595728DDA63C00390B65 /* smart-library-app.app */;
			productType = "com.apple.product-type.application";
		};
/* End PBXNativeTarget section */

/* Begin PBXProject section */
		F814594F28DDA63C00390B65 /* Project object */ = {
			isa = PBXProject;
			attributes = {
				BuildIndependentTargetsInParallel = 1;
				LastSwiftUpdateCheck = 1400;
				LastUpgradeCheck = 1400;
				TargetAttributes = {
					F814595628DDA63C00390B65 = {
						CreatedOnToolsVersion = 14.0;
					};
				};
			};
			buildConfigurationList = F814595228DDA63C00390B65 /* Build configuration list for PBXProject "smart-library-app" */;
			compatibilityVersion = "Xcode 14.0";
			developmentRegion = en;
			hasScannedForEncodings = 0;
			knownRegions = (
				en,
				Base,
			);
			mainGroup = F814594E28DDA63C00390B65;
			packageReferences = (
				2741A3FA28ED8E3200D4E14B /* XCRemoteSwiftPackageReference "CodeScanner" */,
			);
			productRefGroup = F814595828DDA63C00390B65 /* Products */;
			projectDirPath = "";
			projectRoot = "";
			targets = (
				F814595628DDA63C00390B65 /* smart-library-app */,
			);
		};
/* End PBXProject section */

/* Begin PBXResourcesBuildPhase section */
		F814595528DDA63C00390B65 /* Resources */ = {
			isa = PBXResourcesBuildPhase;
			buildActionMask = 2147483647;
			files = (
				F814596328DDA64200390B65 /* Preview Assets.xcassets in Resources */,
				F814595F28DDA64200390B65 /* Assets.xcassets in Resources */,
			);
			runOnlyForDeploymentPostprocessing = 0;
		};
/* End PBXResourcesBuildPhase section */

/* Begin PBXSourcesBuildPhase section */
		F814595328DDA63C00390B65 /* Sources */ = {
			isa = PBXSourcesBuildPhase;
			buildActionMask = 2147483647;
			files = (
				F8EF368828EC0182009DADC4 /* SecondaryButtonStyle.swift in Sources */,
				F895D6C028E95DB60042A38C /* BookListItem.swift in Sources */,
				F8722D9728E942A30037C751 /* BookData.swift in Sources */,
				F814595D28DDA63D00390B65 /* ContentView.swift in Sources */,
				F8722D9628E942A30037C751 /* VolumeData.swift in Sources */,
				F8722D9928E945F10037C751 /* BookDatabase.swift in Sources */,
				2741A3F628ED804F00D4E14B /* HomeView.swift in Sources */,
				F8357C7328E6F234005E4C5E /* SearchView.swift in Sources */,
				F814595B28DDA63D00390B65 /* smart_library_appApp.swift in Sources */,
				F8EF368A28EC2131009DADC4 /* UserDatabase.swift in Sources */,
			);
			runOnlyForDeploymentPostprocessing = 0;
		};
/* End PBXSourcesBuildPhase section */

/* Begin XCBuildConfiguration section */
		F814596428DDA64200390B65 /* Debug */ = {
			isa = XCBuildConfiguration;
			buildSettings = {
				ALWAYS_SEARCH_USER_PATHS = NO;
				CLANG_ANALYZER_NONNULL = YES;
				CLANG_ANALYZER_NUMBER_OBJECT_CONVERSION = YES_AGGRESSIVE;
				CLANG_CXX_LANGUAGE_STANDARD = "gnu++20";
				CLANG_ENABLE_MODULES = YES;
				CLANG_ENABLE_OBJC_ARC = YES;
				CLANG_ENABLE_OBJC_WEAK = YES;
				CLANG_WARN_BLOCK_CAPTURE_AUTORELEASING = YES;
				CLANG_WARN_BOOL_CONVERSION = YES;
				CLANG_WARN_COMMA = YES;
				CLANG_WARN_CONSTANT_CONVERSION = YES;
				CLANG_WARN_DEPRECATED_OBJC_IMPLEMENTATIONS = YES;
				CLANG_WARN_DIRECT_OBJC_ISA_USAGE = YES_ERROR;
				CLANG_WARN_DOCUMENTATION_COMMENTS = YES;
				CLANG_WARN_EMPTY_BODY = YES;
				CLANG_WARN_ENUM_CONVERSION = YES;
				CLANG_WARN_INFINITE_RECURSION = YES;
				CLANG_WARN_INT_CONVERSION = YES;
				CLANG_WARN_NON_LITERAL_NULL_CONVERSION = YES;
				CLANG_WARN_OBJC_IMPLICIT_RETAIN_SELF = YES;
				CLANG_WARN_OBJC_LITERAL_CONVERSION = YES;
				CLANG_WARN_OBJC_ROOT_CLASS = YES_ERROR;
				CLANG_WARN_QUOTED_INCLUDE_IN_FRAMEWORK_HEADER = YES;
				CLANG_WARN_RANGE_LOOP_ANALYSIS = YES;
				CLANG_WARN_STRICT_PROTOTYPES = YES;
				CLANG_WARN_SUSPICIOUS_MOVE = YES;
				CLANG_WARN_UNGUARDED_AVAILABILITY = YES_AGGRESSIVE;
				CLANG_WARN_UNREACHABLE_CODE = YES;
				CLANG_WARN__DUPLICATE_METHOD_MATCH = YES;
				COPY_PHASE_STRIP = NO;
				DEBUG_INFORMATION_FORMAT = dwarf;
				ENABLE_STRICT_OBJC_MSGSEND = YES;
				ENABLE_TESTABILITY = YES;
				GCC_C_LANGUAGE_STANDARD = gnu11;
				GCC_DYNAMIC_NO_PIC = NO;
				GCC_NO_COMMON_BLOCKS = YES;
				GCC_OPTIMIZATION_LEVEL = 0;
				GCC_PREPROCESSOR_DEFINITIONS = (
					"DEBUG=1",
					"$(inherited)",
				);
				GCC_WARN_64_TO_32_BIT_CONVERSION = YES;
				GCC_WARN_ABOUT_RETURN_TYPE = YES_ERROR;
				GCC_WARN_UNDECLARED_SELECTOR = YES;
				GCC_WARN_UNINITIALIZED_AUTOS = YES_AGGRESSIVE;
				GCC_WARN_UNUSED_FUNCTION = YES;
				GCC_WARN_UNUSED_VARIABLE = YES;
				MTL_ENABLE_DEBUG_INFO = INCLUDE_SOURCE;
				MTL_FAST_MATH = YES;
				ONLY_ACTIVE_ARCH = YES;
				SWIFT_ACTIVE_COMPILATION_CONDITIONS = DEBUG;
				SWIFT_OPTIMIZATION_LEVEL = "-Onone";
			};
			name = Debug;
		};
		F814596528DDA64200390B65 /* Release */ = {
			isa = XCBuildConfiguration;
			buildSettings = {
				ALWAYS_SEARCH_USER_PATHS = NO;
				CLANG_ANALYZER_NONNULL = YES;
				CLANG_ANALYZER_NUMBER_OBJECT_CONVERSION = YES_AGGRESSIVE;
				CLANG_CXX_LANGUAGE_STANDARD = "gnu++20";
				CLANG_ENABLE_MODULES = YES;
				CLANG_ENABLE_OBJC_ARC = YES;
				CLANG_ENABLE_OBJC_WEAK = YES;
				CLANG_WARN_BLOCK_CAPTURE_AUTORELEASING = YES;
				CLANG_WARN_BOOL_CONVERSION = YES;
				CLANG_WARN_COMMA = YES;
				CLANG_WARN_CONSTANT_CONVERSION = YES;
				CLANG_WARN_DEPRECATED_OBJC_IMPLEMENTATIONS = YES;
				CLANG_WARN_DIRECT_OBJC_ISA_USAGE = YES_ERROR;
				CLANG_WARN_DOCUMENTATION_COMMENTS = YES;
				CLANG_WARN_EMPTY_BODY = YES;
				CLANG_WARN_ENUM_CONVERSION = YES;
				CLANG_WARN_INFINITE_RECURSION = YES;
				CLANG_WARN_INT_CONVERSION = YES;
				CLANG_WARN_NON_LITERAL_NULL_CONVERSION = YES;
				CLANG_WARN_OBJC_IMPLICIT_RETAIN_SELF = YES;
				CLANG_WARN_OBJC_LITERAL_CONVERSION = YES;
				CLANG_WARN_OBJC_ROOT_CLASS = YES_ERROR;
				CLANG_WARN_QUOTED_INCLUDE_IN_FRAMEWORK_HEADER = YES;
				CLANG_WARN_RANGE_LOOP_ANALYSIS = YES;
				CLANG_WARN_STRICT_PROTOTYPES = YES;
				CLANG_WARN_SUSPICIOUS_MOVE = YES;
				CLANG_WARN_UNGUARDED_AVAILABILITY = YES_AGGRESSIVE;
				CLANG_WARN_UNREACHABLE_CODE = YES;
				CLANG_WARN__DUPLICATE_METHOD_MATCH = YES;
				COPY_PHASE_STRIP = NO;
				DEBUG_INFORMATION_FORMAT = "dwarf-with-dsym";
				ENABLE_NS_ASSERTIONS = NO;
				ENABLE_STRICT_OBJC_MSGSEND = YES;
				GCC_C_LANGUAGE_STANDARD = gnu11;
				GCC_NO_COMMON_BLOCKS = YES;
				GCC_WARN_64_TO_32_BIT_CONVERSION = YES;
				GCC_WARN_ABOUT_RETURN_TYPE = YES_ERROR;
				GCC_WARN_UNDECLARED_SELECTOR = YES;
				GCC_WARN_UNINITIALIZED_AUTOS = YES_AGGRESSIVE;
				GCC_WARN_UNUSED_FUNCTION = YES;
				GCC_WARN_UNUSED_VARIABLE = YES;
				MTL_ENABLE_DEBUG_INFO = NO;
				MTL_FAST_MATH = YES;
				SWIFT_COMPILATION_MODE = wholemodule;
				SWIFT_OPTIMIZATION_LEVEL = "-O";
			};
			name = Release;
		};
		F814596728DDA64200390B65 /* Debug */ = {
			isa = XCBuildConfiguration;
			buildSettings = {
				ASSETCATALOG_COMPILER_APPICON_NAME = AppIcon;
				ASSETCATALOG_COMPILER_GLOBAL_ACCENT_COLOR_NAME = AccentColor;
				CODE_SIGN_ENTITLEMENTS = "smart-library-app/smart_library_app.entitlements";
				CODE_SIGN_STYLE = Automatic;
				CURRENT_PROJECT_VERSION = 1;
				DEVELOPMENT_ASSET_PATHS = "\"smart-library-app/Preview Content\"";
				DEVELOPMENT_TEAM = "";
				ENABLE_HARDENED_RUNTIME = YES;
				ENABLE_PREVIEWS = YES;
				GENERATE_INFOPLIST_FILE = YES;
				INFOPLIST_KEY_NSCameraUsageDescription = "Access to your camera is required to scan the book barcode";
				"INFOPLIST_KEY_UIApplicationSceneManifest_Generation[sdk=iphoneos*]" = YES;
				"INFOPLIST_KEY_UIApplicationSceneManifest_Generation[sdk=iphonesimulator*]" = YES;
				"INFOPLIST_KEY_UIApplicationSupportsIndirectInputEvents[sdk=iphoneos*]" = YES;
				"INFOPLIST_KEY_UIApplicationSupportsIndirectInputEvents[sdk=iphonesimulator*]" = YES;
				"INFOPLIST_KEY_UILaunchScreen_Generation[sdk=iphoneos*]" = YES;
				"INFOPLIST_KEY_UILaunchScreen_Generation[sdk=iphonesimulator*]" = YES;
				"INFOPLIST_KEY_UIStatusBarStyle[sdk=iphoneos*]" = UIStatusBarStyleDefault;
				"INFOPLIST_KEY_UIStatusBarStyle[sdk=iphonesimulator*]" = UIStatusBarStyleDefault;
				INFOPLIST_KEY_UISupportedInterfaceOrientations_iPad = "UIInterfaceOrientationPortrait UIInterfaceOrientationPortraitUpsideDown UIInterfaceOrientationLandscapeLeft UIInterfaceOrientationLandscapeRight";
				INFOPLIST_KEY_UISupportedInterfaceOrientations_iPhone = "UIInterfaceOrientationPortrait UIInterfaceOrientationLandscapeLeft UIInterfaceOrientationLandscapeRight";
				IPHONEOS_DEPLOYMENT_TARGET = 16.0;
				LD_RUNPATH_SEARCH_PATHS = "@executable_path/Frameworks";
				"LD_RUNPATH_SEARCH_PATHS[sdk=macosx*]" = "@executable_path/../Frameworks";
				MACOSX_DEPLOYMENT_TARGET = 12.3;
				MARKETING_VERSION = 1.0;
				PRODUCT_BUNDLE_IDENTIFIER = "com.emmapainter.smart-library-app";
				PRODUCT_NAME = "$(TARGET_NAME)";
				SDKROOT = auto;
				SUPPORTED_PLATFORMS = "iphoneos iphonesimulator macosx";
				SWIFT_EMIT_LOC_STRINGS = YES;
				SWIFT_VERSION = 5.0;
				TARGETED_DEVICE_FAMILY = "1,2";
			};
			name = Debug;
		};
		F814596828DDA64200390B65 /* Release */ = {
			isa = XCBuildConfiguration;
			buildSettings = {
				ASSETCATALOG_COMPILER_APPICON_NAME = AppIcon;
				ASSETCATALOG_COMPILER_GLOBAL_ACCENT_COLOR_NAME = AccentColor;
				CODE_SIGN_ENTITLEMENTS = "smart-library-app/smart_library_app.entitlements";
				CODE_SIGN_STYLE = Automatic;
				CURRENT_PROJECT_VERSION = 1;
				DEVELOPMENT_ASSET_PATHS = "\"smart-library-app/Preview Content\"";
				DEVELOPMENT_TEAM = "";
				ENABLE_HARDENED_RUNTIME = YES;
				ENABLE_PREVIEWS = YES;
				GENERATE_INFOPLIST_FILE = YES;
				INFOPLIST_KEY_NSCameraUsageDescription = "Access to your camera is required to scan the book barcode";
				"INFOPLIST_KEY_UIApplicationSceneManifest_Generation[sdk=iphoneos*]" = YES;
				"INFOPLIST_KEY_UIApplicationSceneManifest_Generation[sdk=iphonesimulator*]" = YES;
				"INFOPLIST_KEY_UIApplicationSupportsIndirectInputEvents[sdk=iphoneos*]" = YES;
				"INFOPLIST_KEY_UIApplicationSupportsIndirectInputEvents[sdk=iphonesimulator*]" = YES;
				"INFOPLIST_KEY_UILaunchScreen_Generation[sdk=iphoneos*]" = YES;
				"INFOPLIST_KEY_UILaunchScreen_Generation[sdk=iphonesimulator*]" = YES;
				"INFOPLIST_KEY_UIStatusBarStyle[sdk=iphoneos*]" = UIStatusBarStyleDefault;
				"INFOPLIST_KEY_UIStatusBarStyle[sdk=iphonesimulator*]" = UIStatusBarStyleDefault;
				INFOPLIST_KEY_UISupportedInterfaceOrientations_iPad = "UIInterfaceOrientationPortrait UIInterfaceOrientationPortraitUpsideDown UIInterfaceOrientationLandscapeLeft UIInterfaceOrientationLandscapeRight";
				INFOPLIST_KEY_UISupportedInterfaceOrientations_iPhone = "UIInterfaceOrientationPortrait UIInterfaceOrientationLandscapeLeft UIInterfaceOrientationLandscapeRight";
				IPHONEOS_DEPLOYMENT_TARGET = 16.0;
				LD_RUNPATH_SEARCH_PATHS = "@executable_path/Frameworks";
				"LD_RUNPATH_SEARCH_PATHS[sdk=macosx*]" = "@executable_path/../Frameworks";
				MACOSX_DEPLOYMENT_TARGET = 12.3;
				MARKETING_VERSION = 1.0;
				PRODUCT_BUNDLE_IDENTIFIER = "com.emmapainter.smart-library-app";
				PRODUCT_NAME = "$(TARGET_NAME)";
				SDKROOT = auto;
				SUPPORTED_PLATFORMS = "iphoneos iphonesimulator macosx";
				SWIFT_EMIT_LOC_STRINGS = YES;
				SWIFT_VERSION = 5.0;
				TARGETED_DEVICE_FAMILY = "1,2";
			};
			name = Release;
		};
/* End XCBuildConfiguration section */

/* Begin XCConfigurationList section */
		F814595228DDA63C00390B65 /* Build configuration list for PBXProject "smart-library-app" */ = {
			isa = XCConfigurationList;
			buildConfigurations = (
				F814596428DDA64200390B65 /* Debug */,
				F814596528DDA64200390B65 /* Release */,
			);
			defaultConfigurationIsVisible = 0;
			defaultConfigurationName = Release;
		};
		F814596628DDA64200390B65 /* Build configuration list for PBXNativeTarget "smart-library-app" */ = {
			isa = XCConfigurationList;
			buildConfigurations = (
				F814596728DDA64200390B65 /* Debug */,
				F814596828DDA64200390B65 /* Release */,
			);
			defaultConfigurationIsVisible = 0;
			defaultConfigurationName = Release;
		};
/* End XCConfigurationList section */

/* Begin XCRemoteSwiftPackageReference section */
		2741A3FA28ED8E3200D4E14B /* XCRemoteSwiftPackageReference "CodeScanner" */ = {
			isa = XCRemoteSwiftPackageReference;
			repositoryURL = "https://github.com/twostraws/CodeScanner";
			requirement = {
				kind = upToNextMajorVersion;
				minimumVersion = 2.0.0;
			};
		};
/* End XCRemoteSwiftPackageReference section */

/* Begin XCSwiftPackageProductDependency section */
		2741A3FB28ED8E3200D4E14B /* CodeScanner */ = {
			isa = XCSwiftPackageProductDependency;
			package = 2741A3FA28ED8E3200D4E14B /* XCRemoteSwiftPackageReference "CodeScanner" */;
			productName = CodeScanner;
		};
/* End XCSwiftPackageProductDependency section */
	};
	rootObject = F814594F28DDA63C00390B65 /* Project object */;
}
